
Microsoft Visual Studio Solution File, Format Version 12.00
# Visual Studio Version 17
VisualStudioVersion = 17.7.34221.43
MinimumVisualStudioVersion = 10.0.40219.1
Project("{FAE04EC0-301F-11D3-BF4B-00C04F79EFBC}") = "DZ", "DZ.csproj", "{2213BB0C-B63D-469E-A6AF-BE5C99E367A5}"
EndProject
Global
	GlobalSection(SolutionConfigurationPlatforms) = preSolution
		Debug|Any CPU = Debug|Any CPU
		Release|Any CPU = Release|Any CPU
	EndGlobalSection
	GlobalSection(ProjectConfigurationPlatforms) = postSolution
		{2213BB0C-B63D-469E-A6AF-BE5C99E367A5}.Debug|Any CPU.ActiveCfg = Debug|Any CPU
		{2213BB0C-B63D-469E-A6AF-BE5C99E367A5}.Debug|Any CPU.Build.0 = Debug|Any CPU
		{2213BB0C-B63D-469E-A6AF-BE5C99E367A5}.Release|Any CPU.ActiveCfg = Release|Any CPU
		{2213BB0C-B63D-469E-A6AF-BE5C99E367A5}.Release|Any CPU.Build.0 = Release|Any CPU
	EndGlobalSection
	GlobalSection(SolutionProperties) = preSolution
		HideSolutionNode = FALSE
	EndGlobalSection
	GlobalSection(ExtensibilityGlobals) = postSolution
		SolutionGuid = {1F3D5CC6-D067-4D34-88D3-F30EC0F76B48}
	EndGlobalSection
EndGlobal
